{
    "name": "try_kotlin",
    "version": "0.1.0",
    "lockfileVersion": 1,
    "requires": true,
    "dependencies": {
        "@bazel/bazel": {
            "version": "0.28.1",
            "resolved": "https://registry.npmjs.org/@bazel/bazel/-/bazel-0.28.1.tgz",
            "integrity": "sha512-s4bn5/vegEec66l15ZjyUe4jNybQ5J/cg9gFzR5f8deKj8lM+2WtCfvTLO3XfUe2pbrB4BG7C31jpyFPOC+6aw==",
            "dev": true,
            "requires": {
                "@bazel/bazel-darwin_x64": "0.28.1",
                "@bazel/bazel-linux_x64": "0.28.1",
                "@bazel/bazel-win32_x64": "0.28.1",
                "@bazel/hide-bazel-files": "^0.36.1"
            },
            "dependencies": {
                "@bazel/bazel-darwin_x64": {
                    "version": "0.28.1",
                    "resolved": "https://registry.npmjs.org/@bazel/bazel-darwin_x64/-/bazel-darwin_x64-0.28.1.tgz",
                    "integrity": "sha512-VDKWmplAfa4uCAbkIQ5nRn04MFQqtsPNuc2HkluJ8OIum773yC2dPR+OlLBKxrlBuKJYB27TtbOwOa6w/uK7aw==",
                    "dev": true,
                    "optional": true
                },
                "@bazel/bazel-linux_x64": {
                    "version": "0.28.1",
                    "resolved": "https://registry.npmjs.org/@bazel/bazel-linux_x64/-/bazel-linux_x64-0.28.1.tgz",
                    "integrity": "sha512-n4XfNxagYhejQD32V4XSxT/qzuH1l/2jxslbKSak66/uQ+wad8Ew9rjNb4JUin3xtrfFtzmxx2jpQkybZsRVGA==",
                    "dev": true,
                    "optional": true
                },
                "@bazel/bazel-win32_x64": {
                    "version": "0.28.1",
                    "resolved": "https://registry.npmjs.org/@bazel/bazel-win32_x64/-/bazel-win32_x64-0.28.1.tgz",
                    "integrity": "sha512-T4xksGfKikaHS4zxnGT6r5R436mz9j2lz//L1vc5sJnaEF/1e2Gv6MLl86vfZW2Xxo6iIEi6ntSzgYxP2Blohw==",
                    "dev": true,
                    "optional": true
                }
            }
        },
        "@bazel/buildifier": {
            "version": "0.28.0",
            "resolved": "https://registry.npmjs.org/@bazel/buildifier/-/buildifier-0.28.0.tgz",
            "integrity": "sha512-g9F7rEQayXU4SHgbOYhDLk8AzDMhqFNnZVb/xVDeCkbg20MbCGIZDj9pN8NBnowB7OJF4VsvnSV0FB4BVGfpxQ==",
            "dev": true,
            "requires": {
                "@bazel/buildifier-darwin_x64": "0.28.0",
                "@bazel/buildifier-linux_x64": "0.28.0",
                "@bazel/buildifier-win32_x64": "0.28.0"
            },
            "dependencies": {
                "@bazel/buildifier-darwin_x64": {
                    "version": "0.28.0",
                    "resolved": "https://registry.npmjs.org/@bazel/buildifier-darwin_x64/-/buildifier-darwin_x64-0.28.0.tgz",
                    "integrity": "sha512-bvWz4W3FzWFqUr65Z/IrrhUuzHzvFnYB3QpPXUlUOI1sx43Ge3pMlndEwhMBOPM2SoRi5Z5rxG0X9NuvuXWw8w==",
                    "dev": true,
                    "optional": true
                },
                "@bazel/buildifier-linux_x64": {
                    "version": "0.28.0",
                    "resolved": "https://registry.npmjs.org/@bazel/buildifier-linux_x64/-/buildifier-linux_x64-0.28.0.tgz",
                    "integrity": "sha512-KVXUcT2yZnKcRf4L9qzlYtEHw9SdO4/O6/cyyyybYPzpS3CJ2yIFm6VabXBTXsUp3LXfWc3EE62f8ieHoRJJnw==",
                    "dev": true,
                    "optional": true
                },
                "@bazel/buildifier-win32_x64": {
                    "version": "0.28.0",
                    "resolved": "https://registry.npmjs.org/@bazel/buildifier-win32_x64/-/buildifier-win32_x64-0.28.0.tgz",
                    "integrity": "sha512-6E9QZPVzMolcQQKDi5tRJjAFylgzBWbV01/3RiFZb1x4ITZJ74h/FuTRhdYAUPA3n59ge2F3sPtf9Q97RxJU7g==",
                    "dev": true,
                    "optional": true
                }
            }
        },
        "@bazel/hide-bazel-files": {
            "version": "0.36.1",
            "resolved": "https://registry.npmjs.org/@bazel/hide-bazel-files/-/hide-bazel-files-0.36.1.tgz",
            "integrity": "sha512-Ln45d61Iqbhp9fwI9D66NsbFCPX6GkFou+i+FKXrNo7/yFatT5DHNmoSPB0jRc++gNUCi5PSMOOVPu6ltlVF8g==",
            "dev": true
        },
        "@bazel/ibazel": {
            "version": "0.10.3",
            "resolved": "https://registry.npmjs.org/@bazel/ibazel/-/ibazel-0.10.3.tgz",
            "integrity": "sha512-v1nXbMTHVlMM4z4uWp6XiRoHAyUlYggF1SOboLLWRp0+D22kWixqArWqnozLw2mOtnxr97BdLjluWiho6A8Hjg==",
            "dev": true
        },
        "kotlin": {
            "version": "1.3.41",
            "resolved": "https://registry.npmjs.org/kotlin/-/kotlin-1.3.41.tgz",
            "integrity": "sha512-Lo3++B/8B/Eaht5mV5NFlwSDsRjAOh90haopf9YPP0YJcDWdFpQB9yyEucSfuqBSbioHCHx0+ZjQ4tVJ/mYhug=="
        },
        "kotlinx-html-js": {
            "version": "0.6.4",
            "resolved": "https://registry.npmjs.org/kotlinx-html-js/-/kotlinx-html-js-0.6.4.tgz",
            "integrity": "sha1-i8U5p3c1t351pd8iSGo7az9E/kY="
        }
    }
}
